
Microsoft Visual Studio Solution File, Format Version 12.00
# Visual Studio Version 17
VisualStudioVersion = 17.14.36401.2
MinimumVisualStudioVersion = 10.0.40219.1
Project("{FAE04EC0-301F-11D3-BF4B-00C04F79EFBC}") = "IFSPStore.Domain", "IFSPStore.Domain\IFSPStore.Domain.csproj", "{3D253FCE-836A-49A6-9ADF-40D95294ED7A}"
EndProject
Project("{FAE04EC0-301F-11D3-BF4B-00C04F79EFBC}") = "IFSPStore.Repository", "IFSPStore.Repository\IFSPStore.Repository.csproj", "{BF32AF46-0923-4E1F-AB20-61EB64789CE4}"
EndProject
Project("{FAE04EC0-301F-11D3-BF4B-00C04F79EFBC}") = "IFSPStore.Test", "IFSPStore.Test\IFSPStore.Test.csproj", "{E077C3F2-9799-4991-BCB9-B2600F5773CC}"
EndProject
Project("{FAE04EC0-301F-11D3-BF4B-00C04F79EFBC}") = "IFSPStore.Service", "IFSPStore.Service\IFSPStore.Service.csproj", "{2C44C876-FB6E-4835-924F-0B4AA3127F2F}"
EndProject
Project("{FAE04EC0-301F-11D3-BF4B-00C04F79EFBC}") = "IFSPStore.App", "IFSPStore.App\IFSPStore.App.csproj", "{D8815B75-C92A-4B1D-96FE-75603A65DC2F}"
EndProject
Global
	GlobalSection(SolutionConfigurationPlatforms) = preSolution
		Debug|Any CPU = Debug|Any CPU
		Release|Any CPU = Release|Any CPU
	EndGlobalSection
	GlobalSection(ProjectConfigurationPlatforms) = postSolution
		{3D253FCE-836A-49A6-9ADF-40D95294ED7A}.Debug|Any CPU.ActiveCfg = Debug|Any CPU
		{3D253FCE-836A-49A6-9ADF-40D95294ED7A}.Debug|Any CPU.Build.0 = Debug|Any CPU
		{3D253FCE-836A-49A6-9ADF-40D95294ED7A}.Release|Any CPU.ActiveCfg = Release|Any CPU
		{3D253FCE-836A-49A6-9ADF-40D95294ED7A}.Release|Any CPU.Build.0 = Release|Any CPU
		{BF32AF46-0923-4E1F-AB20-61EB64789CE4}.Debug|Any CPU.ActiveCfg = Debug|Any CPU
		{BF32AF46-0923-4E1F-AB20-61EB64789CE4}.Debug|Any CPU.Build.0 = Debug|Any CPU
		{BF32AF46-0923-4E1F-AB20-61EB64789CE4}.Release|Any CPU.ActiveCfg = Release|Any CPU
		{BF32AF46-0923-4E1F-AB20-61EB64789CE4}.Release|Any CPU.Build.0 = Release|Any CPU
		{E077C3F2-9799-4991-BCB9-B2600F5773CC}.Debug|Any CPU.ActiveCfg = Debug|Any CPU
		{E077C3F2-9799-4991-BCB9-B2600F5773CC}.Debug|Any CPU.Build.0 = Debug|Any CPU
		{E077C3F2-9799-4991-BCB9-B2600F5773CC}.Release|Any CPU.ActiveCfg = Release|Any CPU
		{E077C3F2-9799-4991-BCB9-B2600F5773CC}.Release|Any CPU.Build.0 = Release|Any CPU
		{2C44C876-FB6E-4835-924F-0B4AA3127F2F}.Debug|Any CPU.ActiveCfg = Debug|Any CPU
		{2C44C876-FB6E-4835-924F-0B4AA3127F2F}.Debug|Any CPU.Build.0 = Debug|Any CPU
		{2C44C876-FB6E-4835-924F-0B4AA3127F2F}.Release|Any CPU.ActiveCfg = Release|Any CPU
		{2C44C876-FB6E-4835-924F-0B4AA3127F2F}.Release|Any CPU.Build.0 = Release|Any CPU
		{D8815B75-C92A-4B1D-96FE-75603A65DC2F}.Debug|Any CPU.ActiveCfg = Debug|Any CPU
		{D8815B75-C92A-4B1D-96FE-75603A65DC2F}.Debug|Any CPU.Build.0 = Debug|Any CPU
		{D8815B75-C92A-4B1D-96FE-75603A65DC2F}.Release|Any CPU.ActiveCfg = Release|Any CPU
		{D8815B75-C92A-4B1D-96FE-75603A65DC2F}.Release|Any CPU.Build.0 = Release|Any CPU
	EndGlobalSection
	GlobalSection(SolutionProperties) = preSolution
		HideSolutionNode = FALSE
	EndGlobalSection
	GlobalSection(ExtensibilityGlobals) = postSolution
		SolutionGuid = {804FBC2B-C3E0-4C3F-A373-375109734837}
	EndGlobalSection
EndGlobal
